
Microsoft Visual Studio Solution File, Format Version 12.00
# Visual Studio Version 17
VisualStudioVersion = 17.3.32922.545
MinimumVisualStudioVersion = 10.0.40219.1
Project("{FAE04EC0-301F-11D3-BF4B-00C04F79EFBC}") = "Test", "Test\Test.csproj", "{A1FD5A54-65F9-4DD6-8BFB-EE1C04A4CA96}"
EndProject
Project("{2150E333-8FDC-42A3-9474-1A3956D46DE8}") = "Application", "Application", "{3E76645E-6489-4ADB-958D-34B1FA284EE3}"
EndProject
Project("{2150E333-8FDC-42A3-9474-1A3956D46DE8}") = "Domain", "Domain", "{EB19D890-FF99-4ADF-B5E4-E68C589F56ED}"
EndProject
Project("{2150E333-8FDC-42A3-9474-1A3956D46DE8}") = "Infrastructure", "Infrastructure", "{B6ADF151-8278-4311-BE7E-5FD5AF2B0983}"
EndProject
Project("{FAE04EC0-301F-11D3-BF4B-00C04F79EFBC}") = "Test.Entities", "Test.Entities\Test.Entities.csproj", "{B661B36F-CAC7-4558-A917-AE12C8ED5D5F}"
EndProject
Project("{FAE04EC0-301F-11D3-BF4B-00C04F79EFBC}") = "Test.Data", "Test.Data\Test.Data.csproj", "{950B09A2-6B94-4C06-8328-59CF3FF0ABEA}"
EndProject
Project("{2150E333-8FDC-42A3-9474-1A3956D46DE8}") = "Commands", "Commands", "{DB9C565B-13B0-47E4-8A1D-0701F4A6E0C6}"
EndProject
Project("{2150E333-8FDC-42A3-9474-1A3956D46DE8}") = "Queries", "Queries", "{5D412B9E-7DEF-440F-831A-395F74EDAA26}"
EndProject
Project("{FAE04EC0-301F-11D3-BF4B-00C04F79EFBC}") = "Test.Commands", "Test.Commands\Test.Commands.csproj", "{7A5F4BF2-BD4F-4ECB-96A0-7E75C8DA13F2}"
EndProject
Project("{FAE04EC0-301F-11D3-BF4B-00C04F79EFBC}") = "Test.Interfaces", "Test.Interfaces\Test.Interfaces.csproj", "{CC8E9568-6324-4D15-A2C3-F6B1998A215A}"
EndProject
Project("{2150E333-8FDC-42A3-9474-1A3956D46DE8}") = "UnitTest", "UnitTest", "{5BD68F2B-4F8C-46D4-B108-B4989F50C65F}"
EndProject
Project("{FAE04EC0-301F-11D3-BF4B-00C04F79EFBC}") = "UnitTest", "UnitTest\UnitTest.csproj", "{78CD9107-6BF3-41F5-B3FF-89BCB830B91F}"
EndProject
Global
	GlobalSection(SolutionConfigurationPlatforms) = preSolution
		Debug|Any CPU = Debug|Any CPU
		Release|Any CPU = Release|Any CPU
	EndGlobalSection
	GlobalSection(ProjectConfigurationPlatforms) = postSolution
		{A1FD5A54-65F9-4DD6-8BFB-EE1C04A4CA96}.Debug|Any CPU.ActiveCfg = Debug|Any CPU
		{A1FD5A54-65F9-4DD6-8BFB-EE1C04A4CA96}.Debug|Any CPU.Build.0 = Debug|Any CPU
		{A1FD5A54-65F9-4DD6-8BFB-EE1C04A4CA96}.Release|Any CPU.ActiveCfg = Release|Any CPU
		{A1FD5A54-65F9-4DD6-8BFB-EE1C04A4CA96}.Release|Any CPU.Build.0 = Release|Any CPU
		{B661B36F-CAC7-4558-A917-AE12C8ED5D5F}.Debug|Any CPU.ActiveCfg = Debug|Any CPU
		{B661B36F-CAC7-4558-A917-AE12C8ED5D5F}.Debug|Any CPU.Build.0 = Debug|Any CPU
		{B661B36F-CAC7-4558-A917-AE12C8ED5D5F}.Release|Any CPU.ActiveCfg = Release|Any CPU
		{B661B36F-CAC7-4558-A917-AE12C8ED5D5F}.Release|Any CPU.Build.0 = Release|Any CPU
		{950B09A2-6B94-4C06-8328-59CF3FF0ABEA}.Debug|Any CPU.ActiveCfg = Debug|Any CPU
		{950B09A2-6B94-4C06-8328-59CF3FF0ABEA}.Debug|Any CPU.Build.0 = Debug|Any CPU
		{950B09A2-6B94-4C06-8328-59CF3FF0ABEA}.Release|Any CPU.ActiveCfg = Release|Any CPU
		{950B09A2-6B94-4C06-8328-59CF3FF0ABEA}.Release|Any CPU.Build.0 = Release|Any CPU
		{7A5F4BF2-BD4F-4ECB-96A0-7E75C8DA13F2}.Debug|Any CPU.ActiveCfg = Debug|Any CPU
		{7A5F4BF2-BD4F-4ECB-96A0-7E75C8DA13F2}.Debug|Any CPU.Build.0 = Debug|Any CPU
		{7A5F4BF2-BD4F-4ECB-96A0-7E75C8DA13F2}.Release|Any CPU.ActiveCfg = Release|Any CPU
		{7A5F4BF2-BD4F-4ECB-96A0-7E75C8DA13F2}.Release|Any CPU.Build.0 = Release|Any CPU
		{CC8E9568-6324-4D15-A2C3-F6B1998A215A}.Debug|Any CPU.ActiveCfg = Debug|Any CPU
		{CC8E9568-6324-4D15-A2C3-F6B1998A215A}.Debug|Any CPU.Build.0 = Debug|Any CPU
		{CC8E9568-6324-4D15-A2C3-F6B1998A215A}.Release|Any CPU.ActiveCfg = Release|Any CPU
		{CC8E9568-6324-4D15-A2C3-F6B1998A215A}.Release|Any CPU.Build.0 = Release|Any CPU
		{78CD9107-6BF3-41F5-B3FF-89BCB830B91F}.Debug|Any CPU.ActiveCfg = Debug|Any CPU
		{78CD9107-6BF3-41F5-B3FF-89BCB830B91F}.Debug|Any CPU.Build.0 = Debug|Any CPU
		{78CD9107-6BF3-41F5-B3FF-89BCB830B91F}.Release|Any CPU.ActiveCfg = Release|Any CPU
		{78CD9107-6BF3-41F5-B3FF-89BCB830B91F}.Release|Any CPU.Build.0 = Release|Any CPU
	EndGlobalSection
	GlobalSection(SolutionProperties) = preSolution
		HideSolutionNode = FALSE
	EndGlobalSection
	GlobalSection(NestedProjects) = preSolution
		{B661B36F-CAC7-4558-A917-AE12C8ED5D5F} = {EB19D890-FF99-4ADF-B5E4-E68C589F56ED}
		{950B09A2-6B94-4C06-8328-59CF3FF0ABEA} = {B6ADF151-8278-4311-BE7E-5FD5AF2B0983}
		{DB9C565B-13B0-47E4-8A1D-0701F4A6E0C6} = {3E76645E-6489-4ADB-958D-34B1FA284EE3}
		{5D412B9E-7DEF-440F-831A-395F74EDAA26} = {3E76645E-6489-4ADB-958D-34B1FA284EE3}
		{7A5F4BF2-BD4F-4ECB-96A0-7E75C8DA13F2} = {DB9C565B-13B0-47E4-8A1D-0701F4A6E0C6}
		{CC8E9568-6324-4D15-A2C3-F6B1998A215A} = {EB19D890-FF99-4ADF-B5E4-E68C589F56ED}
		{78CD9107-6BF3-41F5-B3FF-89BCB830B91F} = {5BD68F2B-4F8C-46D4-B108-B4989F50C65F}
	EndGlobalSection
	GlobalSection(ExtensibilityGlobals) = postSolution
		SolutionGuid = {46386E7D-CDBF-4CC5-8F91-E8A97FF2F98B}
	EndGlobalSection
EndGlobal
